
Microsoft Visual Studio Solution File, Format Version 12.00
# Visual Studio Version 16
VisualStudioVersion = 16.0.30621.155
MinimumVisualStudioVersion = 10.0.40219.1
Project("{9A19103F-16F7-4668-BE54-9A1E7A4F7556}") = "FluentAssertionsDemo", "FluentAssertionsDemo\FluentAssertionsDemo.csproj", "{7F6BF2D3-03E4-495A-A8D6-20C307818A66}"
EndProject
Project("{2150E333-8FDC-42A3-9474-1A3956D46DE8}") = "Solution Items", "Solution Items", "{3BEF0956-678D-4034-9B26-F74F8FF5F912}"
	ProjectSection(SolutionItems) = preProject
		README.md = README.md
	EndProjectSection
EndProject
Global
	GlobalSection(SolutionConfigurationPlatforms) = preSolution
		Debug|Any CPU = Debug|Any CPU
		Release|Any CPU = Release|Any CPU
	EndGlobalSection
	GlobalSection(ProjectConfigurationPlatforms) = postSolution
		{7F6BF2D3-03E4-495A-A8D6-20C307818A66}.Debug|Any CPU.ActiveCfg = Debug|Any CPU
		{7F6BF2D3-03E4-495A-A8D6-20C307818A66}.Debug|Any CPU.Build.0 = Debug|Any CPU
		{7F6BF2D3-03E4-495A-A8D6-20C307818A66}.Release|Any CPU.ActiveCfg = Release|Any CPU
		{7F6BF2D3-03E4-495A-A8D6-20C307818A66}.Release|Any CPU.Build.0 = Release|Any CPU
	EndGlobalSection
	GlobalSection(SolutionProperties) = preSolution
		HideSolutionNode = FALSE
	EndGlobalSection
	GlobalSection(ExtensibilityGlobals) = postSolution
		SolutionGuid = {6E5FC28A-DEFB-42B6-A7FE-79EBA3C043E1}
	EndGlobalSection
EndGlobal
